
Microsoft Visual Studio Solution File, Format Version 12.00
# Visual Studio 15
VisualStudioVersion = 15.0.28307.421
MinimumVisualStudioVersion = 10.0.40219.1
Project("{9A19103F-16F7-4668-BE54-9A1E7A4F7556}") = "RazorPagesMovie", "RazorPagesMovie\RazorPagesMovie.csproj", "{5AA0DA3D-2D10-4BB1-BAD6-28C123808E6E}"
EndProject
Project("{9A19103F-16F7-4668-BE54-9A1E7A4F7556}") = "RazorUIClassLib", "RazorUIClassLib\RazorUIClassLib.csproj", "{7336CE23-62D6-4382-9495-CF3D1A424DF9}"
EndProject
Project("{9A19103F-16F7-4668-BE54-9A1E7A4F7556}") = "WebApp1", "WebApp1\WebApp1.csproj", "{0006C805-1458-4757-8CE2-79A7857B26E0}"
	ProjectSection(ProjectDependencies) = postProject
		{7336CE23-62D6-4382-9495-CF3D1A424DF9} = {7336CE23-62D6-4382-9495-CF3D1A424DF9}
	EndProjectSection
EndProject
Project("{9A19103F-16F7-4668-BE54-9A1E7A4F7556}") = "MvcMovie", "MvcMovie\MvcMovie.csproj", "{A04992D2-DB0F-4E1A-B669-2B4D37BEC364}"
EndProject
Project("{FAE04EC0-301F-11D3-BF4B-00C04F79EFBC}") = "WEBFormBluCRM", "WEBFormBluCRM\WEBFormBluCRM.csproj", "{AA168DE8-520D-4BC1-B3D2-2E234F502EFB}"
EndProject
Project("{FAE04EC0-301F-11D3-BF4B-00C04F79EFBC}") = "WinFormBluCRM", "WinFormBluCRM\WinFormBluCRM.csproj", "{CD5B686F-8EBA-4696-840C-782A91E7F9AD}"
EndProject
Project("{9A19103F-16F7-4668-BE54-9A1E7A4F7556}") = "BLUCRM_CoreMVC", "BLUCRM_CoreMVC\BLUCRM_CoreMVC.csproj", "{932D0A21-CED4-4B9C-80A1-74741E080193}"
EndProject
Project("{FAE04EC0-301F-11D3-BF4B-00C04F79EFBC}") = "MVC_dotNet", "MVC_dotNet\MVC_dotNet.csproj", "{596BD15B-8D86-460A-9023-0DDB16063AB5}"
EndProject
Project("{9A19103F-16F7-4668-BE54-9A1E7A4F7556}") = "BLUCRM_Core", "BLUCRM_Core\BLUCRM_Core.csproj", "{C5DBB332-CA1F-45C7-A4CB-CB8229C1BD79}"
EndProject
Project("{FAE04EC0-301F-11D3-BF4B-00C04F79EFBC}") = "BLUCRM_CoreAPI", "BLUCRM_CoreAPI\BLUCRM_CoreAPI.csproj", "{877F4950-BE15-40B3-84A8-F76CC948A7BA}"
EndProject
Project("{FAE04EC0-301F-11D3-BF4B-00C04F79EFBC}") = "BLUCRM_CoreRepository", "BLUCRM_CoreRepository\BLUCRM_CoreRepository.csproj", "{D2EE2E88-ADAE-474B-AB60-2839ED7F0940}"
EndProject
Global
	GlobalSection(SolutionConfigurationPlatforms) = preSolution
		Debug|Any CPU = Debug|Any CPU
		Release|Any CPU = Release|Any CPU
	EndGlobalSection
	GlobalSection(ProjectConfigurationPlatforms) = postSolution
		{5AA0DA3D-2D10-4BB1-BAD6-28C123808E6E}.Debug|Any CPU.ActiveCfg = Debug|Any CPU
		{5AA0DA3D-2D10-4BB1-BAD6-28C123808E6E}.Debug|Any CPU.Build.0 = Debug|Any CPU
		{5AA0DA3D-2D10-4BB1-BAD6-28C123808E6E}.Release|Any CPU.ActiveCfg = Release|Any CPU
		{5AA0DA3D-2D10-4BB1-BAD6-28C123808E6E}.Release|Any CPU.Build.0 = Release|Any CPU
		{7336CE23-62D6-4382-9495-CF3D1A424DF9}.Debug|Any CPU.ActiveCfg = Debug|Any CPU
		{7336CE23-62D6-4382-9495-CF3D1A424DF9}.Debug|Any CPU.Build.0 = Debug|Any CPU
		{7336CE23-62D6-4382-9495-CF3D1A424DF9}.Release|Any CPU.ActiveCfg = Release|Any CPU
		{7336CE23-62D6-4382-9495-CF3D1A424DF9}.Release|Any CPU.Build.0 = Release|Any CPU
		{0006C805-1458-4757-8CE2-79A7857B26E0}.Debug|Any CPU.ActiveCfg = Debug|Any CPU
		{0006C805-1458-4757-8CE2-79A7857B26E0}.Debug|Any CPU.Build.0 = Debug|Any CPU
		{0006C805-1458-4757-8CE2-79A7857B26E0}.Release|Any CPU.ActiveCfg = Release|Any CPU
		{0006C805-1458-4757-8CE2-79A7857B26E0}.Release|Any CPU.Build.0 = Release|Any CPU
		{A04992D2-DB0F-4E1A-B669-2B4D37BEC364}.Debug|Any CPU.ActiveCfg = Debug|Any CPU
		{A04992D2-DB0F-4E1A-B669-2B4D37BEC364}.Debug|Any CPU.Build.0 = Debug|Any CPU
		{A04992D2-DB0F-4E1A-B669-2B4D37BEC364}.Release|Any CPU.ActiveCfg = Release|Any CPU
		{A04992D2-DB0F-4E1A-B669-2B4D37BEC364}.Release|Any CPU.Build.0 = Release|Any CPU
		{AA168DE8-520D-4BC1-B3D2-2E234F502EFB}.Debug|Any CPU.ActiveCfg = Debug|Any CPU
		{AA168DE8-520D-4BC1-B3D2-2E234F502EFB}.Debug|Any CPU.Build.0 = Debug|Any CPU
		{AA168DE8-520D-4BC1-B3D2-2E234F502EFB}.Release|Any CPU.ActiveCfg = Release|Any CPU
		{AA168DE8-520D-4BC1-B3D2-2E234F502EFB}.Release|Any CPU.Build.0 = Release|Any CPU
		{CD5B686F-8EBA-4696-840C-782A91E7F9AD}.Debug|Any CPU.ActiveCfg = Debug|Any CPU
		{CD5B686F-8EBA-4696-840C-782A91E7F9AD}.Debug|Any CPU.Build.0 = Debug|Any CPU
		{CD5B686F-8EBA-4696-840C-782A91E7F9AD}.Release|Any CPU.ActiveCfg = Release|Any CPU
		{CD5B686F-8EBA-4696-840C-782A91E7F9AD}.Release|Any CPU.Build.0 = Release|Any CPU
		{932D0A21-CED4-4B9C-80A1-74741E080193}.Debug|Any CPU.ActiveCfg = Debug|Any CPU
		{932D0A21-CED4-4B9C-80A1-74741E080193}.Debug|Any CPU.Build.0 = Debug|Any CPU
		{932D0A21-CED4-4B9C-80A1-74741E080193}.Release|Any CPU.ActiveCfg = Release|Any CPU
		{932D0A21-CED4-4B9C-80A1-74741E080193}.Release|Any CPU.Build.0 = Release|Any CPU
		{596BD15B-8D86-460A-9023-0DDB16063AB5}.Debug|Any CPU.ActiveCfg = Debug|Any CPU
		{596BD15B-8D86-460A-9023-0DDB16063AB5}.Debug|Any CPU.Build.0 = Debug|Any CPU
		{596BD15B-8D86-460A-9023-0DDB16063AB5}.Release|Any CPU.ActiveCfg = Release|Any CPU
		{596BD15B-8D86-460A-9023-0DDB16063AB5}.Release|Any CPU.Build.0 = Release|Any CPU
		{C5DBB332-CA1F-45C7-A4CB-CB8229C1BD79}.Debug|Any CPU.ActiveCfg = Debug|Any CPU
		{C5DBB332-CA1F-45C7-A4CB-CB8229C1BD79}.Debug|Any CPU.Build.0 = Debug|Any CPU
		{C5DBB332-CA1F-45C7-A4CB-CB8229C1BD79}.Release|Any CPU.ActiveCfg = Release|Any CPU
		{C5DBB332-CA1F-45C7-A4CB-CB8229C1BD79}.Release|Any CPU.Build.0 = Release|Any CPU
		{877F4950-BE15-40B3-84A8-F76CC948A7BA}.Debug|Any CPU.ActiveCfg = Debug|Any CPU
		{877F4950-BE15-40B3-84A8-F76CC948A7BA}.Debug|Any CPU.Build.0 = Debug|Any CPU
		{877F4950-BE15-40B3-84A8-F76CC948A7BA}.Release|Any CPU.ActiveCfg = Release|Any CPU
		{877F4950-BE15-40B3-84A8-F76CC948A7BA}.Release|Any CPU.Build.0 = Release|Any CPU
		{D2EE2E88-ADAE-474B-AB60-2839ED7F0940}.Debug|Any CPU.ActiveCfg = Debug|Any CPU
		{D2EE2E88-ADAE-474B-AB60-2839ED7F0940}.Debug|Any CPU.Build.0 = Debug|Any CPU
		{D2EE2E88-ADAE-474B-AB60-2839ED7F0940}.Release|Any CPU.ActiveCfg = Release|Any CPU
		{D2EE2E88-ADAE-474B-AB60-2839ED7F0940}.Release|Any CPU.Build.0 = Release|Any CPU
	EndGlobalSection
	GlobalSection(SolutionProperties) = preSolution
		HideSolutionNode = FALSE
	EndGlobalSection
	GlobalSection(ExtensibilityGlobals) = postSolution
		SolutionGuid = {B1169B23-C2EB-4E16-9E4F-6963FEDE680A}
	EndGlobalSection
EndGlobal
